{
  "name": "sun-and-moon-dance",
  "version": "1.0.0",
  "dependencies": {
    "moment": {
      "version": "2.15.0",
      "from": "moment@>=2.6.0",
      "resolved": "https://registry.npmjs.org/moment/-/moment-2.15.0.tgz"
    },
    "moment-timezone": {
      "version": "0.5.5",
      "from": "moment-timezone@latest",
      "resolved": "https://registry.npmjs.org/moment-timezone/-/moment-timezone-0.5.5.tgz"
    },
    "suncalc": {
      "version": "1.7.0",
      "from": "suncalc@*",
      "resolved": "https://registry.npmjs.org/suncalc/-/suncalc-1.7.0.tgz"
    }
  }
}
